// !$*UTF8*$!
{
	archiveVersion = 1;
	classes = {
	};
	objectVersion = 56;
	objects = {

/* Begin PBXBuildFile section */
		CE04F6802A000F0C003CDE20 /* RMEpisodesDetailViewController.swift in Sources */ = {isa = PBXBuildFile; fileRef = CE04F67F2A000F0C003CDE20 /* RMEpisodesDetailViewController.swift */; };
		CE04F6822A00241C003CDE20 /* RMAPICacheManager.swift in Sources */ = {isa = PBXBuildFile; fileRef = CE04F6812A00241C003CDE20 /* RMAPICacheManager.swift */; };
		CE04F6842A002AD9003CDE20 /* RMEpisodesDetailViewViewModel.swift in Sources */ = {isa = PBXBuildFile; fileRef = CE04F6832A002AD9003CDE20 /* RMEpisodesDetailViewViewModel.swift */; };
		CE04F6862A002B6F003CDE20 /* RMEpisodesDetailView.swift in Sources */ = {isa = PBXBuildFile; fileRef = CE04F6852A002B6F003CDE20 /* RMEpisodesDetailView.swift */; };
		CE05866D29F8645B002AB8A9 /* RMImageLoader.swift in Sources */ = {isa = PBXBuildFile; fileRef = CE05866C29F8645B002AB8A9 /* RMImageLoader.swift */; };
		CE0CE56A29F46850005E5E66 /* AppDelegate.swift in Sources */ = {isa = PBXBuildFile; fileRef = CE0CE56929F46850005E5E66 /* AppDelegate.swift */; };
		CE0CE56C29F46850005E5E66 /* SceneDelegate.swift in Sources */ = {isa = PBXBuildFile; fileRef = CE0CE56B29F46850005E5E66 /* SceneDelegate.swift */; };
		CE0CE56E29F46850005E5E66 /* RMTabBarController.swift in Sources */ = {isa = PBXBuildFile; fileRef = CE0CE56D29F46850005E5E66 /* RMTabBarController.swift */; };
		CE0CE57329F46851005E5E66 /* Assets.xcassets in Resources */ = {isa = PBXBuildFile; fileRef = CE0CE57229F46851005E5E66 /* Assets.xcassets */; };
		CE0CE57629F46851005E5E66 /* LaunchScreen.storyboard in Resources */ = {isa = PBXBuildFile; fileRef = CE0CE57429F46851005E5E66 /* LaunchScreen.storyboard */; };
		CE0CE58529F46AFF005E5E66 /* RMLocation.swift in Sources */ = {isa = PBXBuildFile; fileRef = CE0CE58429F46AFF005E5E66 /* RMLocation.swift */; };
		CE0CE58729F46B1B005E5E66 /* RMCharacter.swift in Sources */ = {isa = PBXBuildFile; fileRef = CE0CE58629F46B1B005E5E66 /* RMCharacter.swift */; };
		CE0CE58929F46B38005E5E66 /* RMEpisode.swift in Sources */ = {isa = PBXBuildFile; fileRef = CE0CE58829F46B38005E5E66 /* RMEpisode.swift */; };
		CE0CE58C29F46DF8005E5E66 /* RMCharacterViewController.swift in Sources */ = {isa = PBXBuildFile; fileRef = CE0CE58B29F46DF8005E5E66 /* RMCharacterViewController.swift */; };
		CE0CE58E29F46E0A005E5E66 /* RMLocationViewController.swift in Sources */ = {isa = PBXBuildFile; fileRef = CE0CE58D29F46E0A005E5E66 /* RMLocationViewController.swift */; };
		CE0CE59029F46E20005E5E66 /* RMEpisodeViewController.swift in Sources */ = {isa = PBXBuildFile; fileRef = CE0CE58F29F46E20005E5E66 /* RMEpisodeViewController.swift */; };
		CE0CE59229F46E2D005E5E66 /* RMSettingsViewController.swift in Sources */ = {isa = PBXBuildFile; fileRef = CE0CE59129F46E2D005E5E66 /* RMSettingsViewController.swift */; };
		CE0CE59429F4775C005E5E66 /* RMService.swift in Sources */ = {isa = PBXBuildFile; fileRef = CE0CE59329F4775C005E5E66 /* RMService.swift */; };
		CE0CE59629F47777005E5E66 /* RMRequest.swift in Sources */ = {isa = PBXBuildFile; fileRef = CE0CE59529F47777005E5E66 /* RMRequest.swift */; };
		CE0CE59829F4785E005E5E66 /* RMEndpoint.swift in Sources */ = {isa = PBXBuildFile; fileRef = CE0CE59729F4785E005E5E66 /* RMEndpoint.swift */; };
		CE0CE59A29F48085005E5E66 /* RMOrigin.swift in Sources */ = {isa = PBXBuildFile; fileRef = CE0CE59929F48085005E5E66 /* RMOrigin.swift */; };
		CE0CE59C29F480FF005E5E66 /* RMSingleLocation.swift in Sources */ = {isa = PBXBuildFile; fileRef = CE0CE59B29F480FF005E5E66 /* RMSingleLocation.swift */; };
		CE11C9282A12A16300ED4486 /* RMLocationView.swift in Sources */ = {isa = PBXBuildFile; fileRef = CE11C9272A12A16300ED4486 /* RMLocationView.swift */; };
		CE11C92B2A12A62600ED4486 /* RMLocationViewViewModel.swift in Sources */ = {isa = PBXBuildFile; fileRef = CE11C92A2A12A62600ED4486 /* RMLocationViewViewModel.swift */; };
		CE5787EC2A152BED0035E5FD /* RMLocationDetailViewController.swift in Sources */ = {isa = PBXBuildFile; fileRef = CE5787EB2A152BED0035E5FD /* RMLocationDetailViewController.swift */; };
		CE5787EF2A1530150035E5FD /* RMLocationDetailView.swift in Sources */ = {isa = PBXBuildFile; fileRef = CE5787EE2A1530150035E5FD /* RMLocationDetailView.swift */; };
		CE5787F12A1531E50035E5FD /* RMLocationDetailViewViewModel.swift in Sources */ = {isa = PBXBuildFile; fileRef = CE5787F02A1531E50035E5FD /* RMLocationDetailViewViewModel.swift */; };
		CE5E822A2A019E0B00AD14C7 /* RMEpisodeListView.swift in Sources */ = {isa = PBXBuildFile; fileRef = CE5E82292A019E0B00AD14C7 /* RMEpisodeListView.swift */; };
		CE5E822C2A01A18900AD14C7 /* RMEpisodeListViewViewModel.swift in Sources */ = {isa = PBXBuildFile; fileRef = CE5E822B2A01A18900AD14C7 /* RMEpisodeListViewViewModel.swift */; };
		CE69B53C2A02F10B00959A5C /* RMGetAllEpisodesResponse.swift in Sources */ = {isa = PBXBuildFile; fileRef = CE69B53B2A02F10B00959A5C /* RMGetAllEpisodesResponse.swift */; };
		CE69B53E2A02FD8D00959A5C /* RMSearchViewController.swift in Sources */ = {isa = PBXBuildFile; fileRef = CE69B53D2A02FD8D00959A5C /* RMSearchViewController.swift */; };
		CE6DC1C72A1418B3001D93C3 /* RMGetLocationResponse.swift in Sources */ = {isa = PBXBuildFile; fileRef = CE6DC1C62A1418B3001D93C3 /* RMGetLocationResponse.swift */; };
		CE6DC1C92A14245F001D93C3 /* RMLocationTableViewCell.swift in Sources */ = {isa = PBXBuildFile; fileRef = CE6DC1C82A14245F001D93C3 /* RMLocationTableViewCell.swift */; };
		CE6DC1CB2A1424FE001D93C3 /* RMLocationTableViewCellViewModel.swift in Sources */ = {isa = PBXBuildFile; fileRef = CE6DC1CA2A1424FE001D93C3 /* RMLocationTableViewCellViewModel.swift */; };
		CE723C942A194CA900C557EE /* RMSearchView.swift in Sources */ = {isa = PBXBuildFile; fileRef = CE723C932A194CA900C557EE /* RMSearchView.swift */; };
		CE723C962A194D7300C557EE /* RMSearchViewViewModel.swift in Sources */ = {isa = PBXBuildFile; fileRef = CE723C952A194D7300C557EE /* RMSearchViewViewModel.swift */; };
		CE723C982A194F3B00C557EE /* RMNoSearchResultsView.swift in Sources */ = {isa = PBXBuildFile; fileRef = CE723C972A194F3B00C557EE /* RMNoSearchResultsView.swift */; };
		CE723C9B2A194F6D00C557EE /* RMNoSearchResultsViewViewModel.swift in Sources */ = {isa = PBXBuildFile; fileRef = CE723C9A2A194F6D00C557EE /* RMNoSearchResultsViewViewModel.swift */; };
		CE723C9D2A194FC900C557EE /* RMSearchInputView.swift in Sources */ = {isa = PBXBuildFile; fileRef = CE723C9C2A194FC900C557EE /* RMSearchInputView.swift */; };
		CE723C9F2A194FD700C557EE /* RMSearchInputViewViewModel.swift in Sources */ = {isa = PBXBuildFile; fileRef = CE723C9E2A194FD700C557EE /* RMSearchInputViewViewModel.swift */; };
		CE77B95029F5718E0010CC9D /* RMCharacterCollectionViewCell.swift in Sources */ = {isa = PBXBuildFile; fileRef = CE77B94F29F5718E0010CC9D /* RMCharacterCollectionViewCell.swift */; };
		CE77B95229F572E80010CC9D /* RMCharacterCollectionViewCellViewModel.swift in Sources */ = {isa = PBXBuildFile; fileRef = CE77B95129F572E80010CC9D /* RMCharacterCollectionViewCellViewModel.swift */; };
		CE77B95529F594660010CC9D /* RMCharacterDetailViewController.swift in Sources */ = {isa = PBXBuildFile; fileRef = CE77B95429F594660010CC9D /* RMCharacterDetailViewController.swift */; };
		CE77B95729F5955E0010CC9D /* RMCharacterDetailView.swift in Sources */ = {isa = PBXBuildFile; fileRef = CE77B95629F5955E0010CC9D /* RMCharacterDetailView.swift */; };
		CE77B95929F5957E0010CC9D /* RMCharacterDetailViewViewModel.swift in Sources */ = {isa = PBXBuildFile; fileRef = CE77B95829F5957E0010CC9D /* RMCharacterDetailViewViewModel.swift */; };
		CE77B95B29F5CAB90010CC9D /* RMFooterLoadingCollectionReusableView.swift in Sources */ = {isa = PBXBuildFile; fileRef = CE77B95A29F5CAB90010CC9D /* RMFooterLoadingCollectionReusableView.swift */; };
		CE945B0D29FC47EA007EB4AA /* RMCharacterPhotoCollectionViewCell.swift in Sources */ = {isa = PBXBuildFile; fileRef = CE945B0C29FC47EA007EB4AA /* RMCharacterPhotoCollectionViewCell.swift */; };
		CE945B0F29FC4800007EB4AA /* RMCharacterInfoCollectionViewCell.swift in Sources */ = {isa = PBXBuildFile; fileRef = CE945B0E29FC4800007EB4AA /* RMCharacterInfoCollectionViewCell.swift */; };
		CE945B1129FC4818007EB4AA /* RMCharacterEpisodeCollectionViewCell.swift in Sources */ = {isa = PBXBuildFile; fileRef = CE945B1029FC4818007EB4AA /* RMCharacterEpisodeCollectionViewCell.swift */; };
		CE945B1429FC488C007EB4AA /* RMCharacterPhotoCollectionViewCellViewModel.swift in Sources */ = {isa = PBXBuildFile; fileRef = CE945B1329FC488C007EB4AA /* RMCharacterPhotoCollectionViewCellViewModel.swift */; };
		CE945B1629FC489D007EB4AA /* RMCharacterInfoCollectionViewCellViewModel.swift in Sources */ = {isa = PBXBuildFile; fileRef = CE945B1529FC489D007EB4AA /* RMCharacterInfoCollectionViewCellViewModel.swift */; };
		CE945B1829FC48AF007EB4AA /* RMCharacterEpisodeCollectionViewCellViewModel.swift in Sources */ = {isa = PBXBuildFile; fileRef = CE945B1729FC48AF007EB4AA /* RMCharacterEpisodeCollectionViewCellViewModel.swift */; };
		CEA1DA912A0D11BC0015406E /* RMSettingsViewViewModel.swift in Sources */ = {isa = PBXBuildFile; fileRef = CEA1DA902A0D11BC0015406E /* RMSettingsViewViewModel.swift */; };
		CEA1DA932A0D124D0015406E /* RMSettingsCellViewModel.swift in Sources */ = {isa = PBXBuildFile; fileRef = CEA1DA922A0D124D0015406E /* RMSettingsCellViewModel.swift */; };
		CEA1DA952A0D12FA0015406E /* RMSettingsOptions.swift in Sources */ = {isa = PBXBuildFile; fileRef = CEA1DA942A0D12FA0015406E /* RMSettingsOptions.swift */; };
		CEA1DA982A0D19100015406E /* RMSettingsView.swift in Sources */ = {isa = PBXBuildFile; fileRef = CEA1DA972A0D19100015406E /* RMSettingsView.swift */; };
		CEA358FD29F5524A00496124 /* RMGetAllCharactesResponse.swift in Sources */ = {isa = PBXBuildFile; fileRef = CEA358FC29F5524A00496124 /* RMGetAllCharactesResponse.swift */; };
		CEA358FF29F554EC00496124 /* RMCharacterListViewViewModel.swift in Sources */ = {isa = PBXBuildFile; fileRef = CEA358FE29F554EC00496124 /* RMCharacterListViewViewModel.swift */; };
		CEA3590129F5558A00496124 /* RMCharacterListView.swift in Sources */ = {isa = PBXBuildFile; fileRef = CEA3590029F5558A00496124 /* RMCharacterListView.swift */; };
		CEA3590329F5599B00496124 /* Extensions.swift in Sources */ = {isa = PBXBuildFile; fileRef = CEA3590229F5599B00496124 /* Extensions.swift */; };
		CEAE7E052A044B7B00F3D58B /* RMEpisodeInfoCollectionViewCell.swift in Sources */ = {isa = PBXBuildFile; fileRef = CEAE7E042A044B7B00F3D58B /* RMEpisodeInfoCollectionViewCell.swift */; };
		CEAE7E082A044BC100F3D58B /* RMEpisodeInfoCollectionViewCellViewModel.swift in Sources */ = {isa = PBXBuildFile; fileRef = CEAE7E072A044BC100F3D58B /* RMEpisodeInfoCollectionViewCellViewModel.swift */; };
		CEF730552A3231B80042EEFA /* RMSearchOptionPickerViewController.swift in Sources */ = {isa = PBXBuildFile; fileRef = CEF730542A3231B80042EEFA /* RMSearchOptionPickerViewController.swift */; };
/* End PBXBuildFile section */

/* Begin PBXFileReference section */
		CE04F67F2A000F0C003CDE20 /* RMEpisodesDetailViewController.swift */ = {isa = PBXFileReference; lastKnownFileType = sourcecode.swift; path = RMEpisodesDetailViewController.swift; sourceTree = "<group>"; };
		CE04F6812A00241C003CDE20 /* RMAPICacheManager.swift */ = {isa = PBXFileReference; lastKnownFileType = sourcecode.swift; path = RMAPICacheManager.swift; sourceTree = "<group>"; };
		CE04F6832A002AD9003CDE20 /* RMEpisodesDetailViewViewModel.swift */ = {isa = PBXFileReference; lastKnownFileType = sourcecode.swift; path = RMEpisodesDetailViewViewModel.swift; sourceTree = "<group>"; };
		CE04F6852A002B6F003CDE20 /* RMEpisodesDetailView.swift */ = {isa = PBXFileReference; lastKnownFileType = sourcecode.swift; path = RMEpisodesDetailView.swift; sourceTree = "<group>"; };
		CE05866C29F8645B002AB8A9 /* RMImageLoader.swift */ = {isa = PBXFileReference; lastKnownFileType = sourcecode.swift; path = RMImageLoader.swift; sourceTree = "<group>"; };
		CE0CE56629F46850005E5E66 /* RickAndMorty.app */ = {isa = PBXFileReference; explicitFileType = wrapper.application; includeInIndex = 0; path = RickAndMorty.app; sourceTree = BUILT_PRODUCTS_DIR; };
		CE0CE56929F46850005E5E66 /* AppDelegate.swift */ = {isa = PBXFileReference; lastKnownFileType = sourcecode.swift; path = AppDelegate.swift; sourceTree = "<group>"; };
		CE0CE56B29F46850005E5E66 /* SceneDelegate.swift */ = {isa = PBXFileReference; lastKnownFileType = sourcecode.swift; path = SceneDelegate.swift; sourceTree = "<group>"; };
		CE0CE56D29F46850005E5E66 /* RMTabBarController.swift */ = {isa = PBXFileReference; lastKnownFileType = sourcecode.swift; path = RMTabBarController.swift; sourceTree = "<group>"; };
		CE0CE57229F46851005E5E66 /* Assets.xcassets */ = {isa = PBXFileReference; lastKnownFileType = folder.assetcatalog; path = Assets.xcassets; sourceTree = "<group>"; };
		CE0CE57529F46851005E5E66 /* Base */ = {isa = PBXFileReference; lastKnownFileType = file.storyboard; name = Base; path = Base.lproj/LaunchScreen.storyboard; sourceTree = "<group>"; };
		CE0CE57729F46851005E5E66 /* Info.plist */ = {isa = PBXFileReference; lastKnownFileType = text.plist.xml; path = Info.plist; sourceTree = "<group>"; };
		CE0CE58429F46AFF005E5E66 /* RMLocation.swift */ = {isa = PBXFileReference; lastKnownFileType = sourcecode.swift; path = RMLocation.swift; sourceTree = "<group>"; };
		CE0CE58629F46B1B005E5E66 /* RMCharacter.swift */ = {isa = PBXFileReference; lastKnownFileType = sourcecode.swift; path = RMCharacter.swift; sourceTree = "<group>"; };
		CE0CE58829F46B38005E5E66 /* RMEpisode.swift */ = {isa = PBXFileReference; lastKnownFileType = sourcecode.swift; path = RMEpisode.swift; sourceTree = "<group>"; };
		CE0CE58B29F46DF8005E5E66 /* RMCharacterViewController.swift */ = {isa = PBXFileReference; lastKnownFileType = sourcecode.swift; path = RMCharacterViewController.swift; sourceTree = "<group>"; };
		CE0CE58D29F46E0A005E5E66 /* RMLocationViewController.swift */ = {isa = PBXFileReference; lastKnownFileType = sourcecode.swift; path = RMLocationViewController.swift; sourceTree = "<group>"; };
		CE0CE58F29F46E20005E5E66 /* RMEpisodeViewController.swift */ = {isa = PBXFileReference; lastKnownFileType = sourcecode.swift; path = RMEpisodeViewController.swift; sourceTree = "<group>"; };
		CE0CE59129F46E2D005E5E66 /* RMSettingsViewController.swift */ = {isa = PBXFileReference; lastKnownFileType = sourcecode.swift; path = RMSettingsViewController.swift; sourceTree = "<group>"; };
		CE0CE59329F4775C005E5E66 /* RMService.swift */ = {isa = PBXFileReference; lastKnownFileType = sourcecode.swift; path = RMService.swift; sourceTree = "<group>"; };
		CE0CE59529F47777005E5E66 /* RMRequest.swift */ = {isa = PBXFileReference; lastKnownFileType = sourcecode.swift; path = RMRequest.swift; sourceTree = "<group>"; };
		CE0CE59729F4785E005E5E66 /* RMEndpoint.swift */ = {isa = PBXFileReference; lastKnownFileType = sourcecode.swift; path = RMEndpoint.swift; sourceTree = "<group>"; };
		CE0CE59929F48085005E5E66 /* RMOrigin.swift */ = {isa = PBXFileReference; lastKnownFileType = sourcecode.swift; path = RMOrigin.swift; sourceTree = "<group>"; };
		CE0CE59B29F480FF005E5E66 /* RMSingleLocation.swift */ = {isa = PBXFileReference; lastKnownFileType = sourcecode.swift; path = RMSingleLocation.swift; sourceTree = "<group>"; };
		CE11C9272A12A16300ED4486 /* RMLocationView.swift */ = {isa = PBXFileReference; lastKnownFileType = sourcecode.swift; path = RMLocationView.swift; sourceTree = "<group>"; };
		CE11C92A2A12A62600ED4486 /* RMLocationViewViewModel.swift */ = {isa = PBXFileReference; lastKnownFileType = sourcecode.swift; path = RMLocationViewViewModel.swift; sourceTree = "<group>"; };
		CE5787EB2A152BED0035E5FD /* RMLocationDetailViewController.swift */ = {isa = PBXFileReference; lastKnownFileType = sourcecode.swift; path = RMLocationDetailViewController.swift; sourceTree = "<group>"; };
		CE5787EE2A1530150035E5FD /* RMLocationDetailView.swift */ = {isa = PBXFileReference; lastKnownFileType = sourcecode.swift; path = RMLocationDetailView.swift; sourceTree = "<group>"; };
		CE5787F02A1531E50035E5FD /* RMLocationDetailViewViewModel.swift */ = {isa = PBXFileReference; lastKnownFileType = sourcecode.swift; path = RMLocationDetailViewViewModel.swift; sourceTree = "<group>"; };
		CE5E82292A019E0B00AD14C7 /* RMEpisodeListView.swift */ = {isa = PBXFileReference; lastKnownFileType = sourcecode.swift; path = RMEpisodeListView.swift; sourceTree = "<group>"; };
		CE5E822B2A01A18900AD14C7 /* RMEpisodeListViewViewModel.swift */ = {isa = PBXFileReference; lastKnownFileType = sourcecode.swift; path = RMEpisodeListViewViewModel.swift; sourceTree = "<group>"; };
		CE69B53B2A02F10B00959A5C /* RMGetAllEpisodesResponse.swift */ = {isa = PBXFileReference; lastKnownFileType = sourcecode.swift; path = RMGetAllEpisodesResponse.swift; sourceTree = "<group>"; };
		CE69B53D2A02FD8D00959A5C /* RMSearchViewController.swift */ = {isa = PBXFileReference; lastKnownFileType = sourcecode.swift; path = RMSearchViewController.swift; sourceTree = "<group>"; };
		CE6DC1C62A1418B3001D93C3 /* RMGetLocationResponse.swift */ = {isa = PBXFileReference; lastKnownFileType = sourcecode.swift; path = RMGetLocationResponse.swift; sourceTree = "<group>"; };
		CE6DC1C82A14245F001D93C3 /* RMLocationTableViewCell.swift */ = {isa = PBXFileReference; lastKnownFileType = sourcecode.swift; path = RMLocationTableViewCell.swift; sourceTree = "<group>"; };
		CE6DC1CA2A1424FE001D93C3 /* RMLocationTableViewCellViewModel.swift */ = {isa = PBXFileReference; lastKnownFileType = sourcecode.swift; path = RMLocationTableViewCellViewModel.swift; sourceTree = "<group>"; };
		CE723C932A194CA900C557EE /* RMSearchView.swift */ = {isa = PBXFileReference; lastKnownFileType = sourcecode.swift; path = RMSearchView.swift; sourceTree = "<group>"; };
		CE723C952A194D7300C557EE /* RMSearchViewViewModel.swift */ = {isa = PBXFileReference; lastKnownFileType = sourcecode.swift; path = RMSearchViewViewModel.swift; sourceTree = "<group>"; };
		CE723C972A194F3B00C557EE /* RMNoSearchResultsView.swift */ = {isa = PBXFileReference; lastKnownFileType = sourcecode.swift; path = RMNoSearchResultsView.swift; sourceTree = "<group>"; };
		CE723C9A2A194F6D00C557EE /* RMNoSearchResultsViewViewModel.swift */ = {isa = PBXFileReference; lastKnownFileType = sourcecode.swift; path = RMNoSearchResultsViewViewModel.swift; sourceTree = "<group>"; };
		CE723C9C2A194FC900C557EE /* RMSearchInputView.swift */ = {isa = PBXFileReference; lastKnownFileType = sourcecode.swift; path = RMSearchInputView.swift; sourceTree = "<group>"; };
		CE723C9E2A194FD700C557EE /* RMSearchInputViewViewModel.swift */ = {isa = PBXFileReference; lastKnownFileType = sourcecode.swift; path = RMSearchInputViewViewModel.swift; sourceTree = "<group>"; };
		CE77B94F29F5718E0010CC9D /* RMCharacterCollectionViewCell.swift */ = {isa = PBXFileReference; lastKnownFileType = sourcecode.swift; path = RMCharacterCollectionViewCell.swift; sourceTree = "<group>"; };
		CE77B95129F572E80010CC9D /* RMCharacterCollectionViewCellViewModel.swift */ = {isa = PBXFileReference; lastKnownFileType = sourcecode.swift; path = RMCharacterCollectionViewCellViewModel.swift; sourceTree = "<group>"; };
		CE77B95429F594660010CC9D /* RMCharacterDetailViewController.swift */ = {isa = PBXFileReference; lastKnownFileType = sourcecode.swift; path = RMCharacterDetailViewController.swift; sourceTree = "<group>"; };
		CE77B95629F5955E0010CC9D /* RMCharacterDetailView.swift */ = {isa = PBXFileReference; lastKnownFileType = sourcecode.swift; path = RMCharacterDetailView.swift; sourceTree = "<group>"; };
		CE77B95829F5957E0010CC9D /* RMCharacterDetailViewViewModel.swift */ = {isa = PBXFileReference; lastKnownFileType = sourcecode.swift; path = RMCharacterDetailViewViewModel.swift; sourceTree = "<group>"; };
		CE77B95A29F5CAB90010CC9D /* RMFooterLoadingCollectionReusableView.swift */ = {isa = PBXFileReference; lastKnownFileType = sourcecode.swift; path = RMFooterLoadingCollectionReusableView.swift; sourceTree = "<group>"; };
		CE945B0C29FC47EA007EB4AA /* RMCharacterPhotoCollectionViewCell.swift */ = {isa = PBXFileReference; lastKnownFileType = sourcecode.swift; path = RMCharacterPhotoCollectionViewCell.swift; sourceTree = "<group>"; };
		CE945B0E29FC4800007EB4AA /* RMCharacterInfoCollectionViewCell.swift */ = {isa = PBXFileReference; lastKnownFileType = sourcecode.swift; path = RMCharacterInfoCollectionViewCell.swift; sourceTree = "<group>"; };
		CE945B1029FC4818007EB4AA /* RMCharacterEpisodeCollectionViewCell.swift */ = {isa = PBXFileReference; lastKnownFileType = sourcecode.swift; path = RMCharacterEpisodeCollectionViewCell.swift; sourceTree = "<group>"; };
		CE945B1329FC488C007EB4AA /* RMCharacterPhotoCollectionViewCellViewModel.swift */ = {isa = PBXFileReference; lastKnownFileType = sourcecode.swift; path = RMCharacterPhotoCollectionViewCellViewModel.swift; sourceTree = "<group>"; };
		CE945B1529FC489D007EB4AA /* RMCharacterInfoCollectionViewCellViewModel.swift */ = {isa = PBXFileReference; lastKnownFileType = sourcecode.swift; path = RMCharacterInfoCollectionViewCellViewModel.swift; sourceTree = "<group>"; };
		CE945B1729FC48AF007EB4AA /* RMCharacterEpisodeCollectionViewCellViewModel.swift */ = {isa = PBXFileReference; lastKnownFileType = sourcecode.swift; path = RMCharacterEpisodeCollectionViewCellViewModel.swift; sourceTree = "<group>"; };
		CEA1DA902A0D11BC0015406E /* RMSettingsViewViewModel.swift */ = {isa = PBXFileReference; lastKnownFileType = sourcecode.swift; path = RMSettingsViewViewModel.swift; sourceTree = "<group>"; };
		CEA1DA922A0D124D0015406E /* RMSettingsCellViewModel.swift */ = {isa = PBXFileReference; lastKnownFileType = sourcecode.swift; path = RMSettingsCellViewModel.swift; sourceTree = "<group>"; };
		CEA1DA942A0D12FA0015406E /* RMSettingsOptions.swift */ = {isa = PBXFileReference; lastKnownFileType = sourcecode.swift; path = RMSettingsOptions.swift; sourceTree = "<group>"; };
		CEA1DA972A0D19100015406E /* RMSettingsView.swift */ = {isa = PBXFileReference; lastKnownFileType = sourcecode.swift; path = RMSettingsView.swift; sourceTree = "<group>"; };
		CEA358FC29F5524A00496124 /* RMGetAllCharactesResponse.swift */ = {isa = PBXFileReference; lastKnownFileType = sourcecode.swift; path = RMGetAllCharactesResponse.swift; sourceTree = "<group>"; };
		CEA358FE29F554EC00496124 /* RMCharacterListViewViewModel.swift */ = {isa = PBXFileReference; lastKnownFileType = sourcecode.swift; path = RMCharacterListViewViewModel.swift; sourceTree = "<group>"; };
		CEA3590029F5558A00496124 /* RMCharacterListView.swift */ = {isa = PBXFileReference; lastKnownFileType = sourcecode.swift; path = RMCharacterListView.swift; sourceTree = "<group>"; };
		CEA3590229F5599B00496124 /* Extensions.swift */ = {isa = PBXFileReference; lastKnownFileType = sourcecode.swift; path = Extensions.swift; sourceTree = "<group>"; };
		CEAE7E042A044B7B00F3D58B /* RMEpisodeInfoCollectionViewCell.swift */ = {isa = PBXFileReference; lastKnownFileType = sourcecode.swift; path = RMEpisodeInfoCollectionViewCell.swift; sourceTree = "<group>"; };
		CEAE7E072A044BC100F3D58B /* RMEpisodeInfoCollectionViewCellViewModel.swift */ = {isa = PBXFileReference; lastKnownFileType = sourcecode.swift; path = RMEpisodeInfoCollectionViewCellViewModel.swift; sourceTree = "<group>"; };
		CEF730542A3231B80042EEFA /* RMSearchOptionPickerViewController.swift */ = {isa = PBXFileReference; lastKnownFileType = sourcecode.swift; path = RMSearchOptionPickerViewController.swift; sourceTree = "<group>"; };
/* End PBXFileReference section */

/* Begin PBXFrameworksBuildPhase section */
		CE0CE56329F46850005E5E66 /* Frameworks */ = {
			isa = PBXFrameworksBuildPhase;
			buildActionMask = 2147483647;
			files = (
			);
			runOnlyForDeploymentPostprocessing = 0;
		};
/* End PBXFrameworksBuildPhase section */

/* Begin PBXGroup section */
		CE0CE55D29F46850005E5E66 = {
			isa = PBXGroup;
			children = (
				CE0CE56829F46850005E5E66 /* RickAndMorty */,
				CE0CE56729F46850005E5E66 /* Products */,
			);
			sourceTree = "<group>";
		};
		CE0CE56729F46850005E5E66 /* Products */ = {
			isa = PBXGroup;
			children = (
				CE0CE56629F46850005E5E66 /* RickAndMorty.app */,
			);
			name = Products;
			sourceTree = "<group>";
		};
		CE0CE56829F46850005E5E66 /* RickAndMorty */ = {
			isa = PBXGroup;
			children = (
				CE0CE58329F46A2B005E5E66 /* Resources */,
				CE0CE58229F46A11005E5E66 /* APIClient */,
				CE0CE58129F46A02005E5E66 /* Managers */,
				CE0CE58029F469EB005E5E66 /* VIewModels */,
				CE0CE57F29F469E4005E5E66 /* VIews */,
				CE0CE57E29F469DB005E5E66 /* Models */,
				CE0CE57D29F469D4005E5E66 /* Controllers */,
				CE0CE57729F46851005E5E66 /* Info.plist */,
			);
			path = RickAndMorty;
			sourceTree = "<group>";
		};
		CE0CE57D29F469D4005E5E66 /* Controllers */ = {
			isa = PBXGroup;
			children = (
				CE77B95329F5942A0010CC9D /* Other */,
				CE0CE58A29F46DD2005E5E66 /* Core */,
			);
			path = Controllers;
			sourceTree = "<group>";
		};
		CE0CE57E29F469DB005E5E66 /* Models */ = {
			isa = PBXGroup;
			children = (
				CEA358FB29F5521300496124 /* APIResponseTypes */,
				CEA358FA29F5520900496124 /* DataTypes */,
			);
			path = Models;
			sourceTree = "<group>";
		};
		CE0CE57F29F469E4005E5E66 /* VIews */ = {
			isa = PBXGroup;
			children = (
				CE723C922A194C8D00C557EE /* Search */,
				CE11C9262A12A13400ED4486 /* Location */,
				CEA1DA962A0D18D90015406E /* SwiftUI */,
				CE5E82282A019DEB00AD14C7 /* Episode */,
				CE945B0A29FC477E007EB4AA /* CharacterDetail */,
				CE945B0B29FC47A2007EB4AA /* Character */,
				CE77B95A29F5CAB90010CC9D /* RMFooterLoadingCollectionReusableView.swift */,
			);
			path = VIews;
			sourceTree = "<group>";
		};
		CE0CE58029F469EB005E5E66 /* VIewModels */ = {
			isa = PBXGroup;
			children = (
				CE723C992A194F5600C557EE /* Search */,
				CE11C9292A12A5EF00ED4486 /* Location */,
				CEA1DA8F2A0D11990015406E /* Settings */,
				CEAE7E062A044B9A00F3D58B /* EpisodeDetail */,
				CE945B1229FC484B007EB4AA /* CharacterDetail */,
				CEA358FE29F554EC00496124 /* RMCharacterListViewViewModel.swift */,
				CE77B95129F572E80010CC9D /* RMCharacterCollectionViewCellViewModel.swift */,
				CE5E822B2A01A18900AD14C7 /* RMEpisodeListViewViewModel.swift */,
			);
			path = VIewModels;
			sourceTree = "<group>";
		};
		CE0CE58129F46A02005E5E66 /* Managers */ = {
			isa = PBXGroup;
			children = (
				CE05866C29F8645B002AB8A9 /* RMImageLoader.swift */,
				CE04F6812A00241C003CDE20 /* RMAPICacheManager.swift */,
			);
			path = Managers;
			sourceTree = "<group>";
		};
		CE0CE58229F46A11005E5E66 /* APIClient */ = {
			isa = PBXGroup;
			children = (
				CE0CE59329F4775C005E5E66 /* RMService.swift */,
				CE0CE59529F47777005E5E66 /* RMRequest.swift */,
				CE0CE59729F4785E005E5E66 /* RMEndpoint.swift */,
			);
			path = APIClient;
			sourceTree = "<group>";
		};
		CE0CE58329F46A2B005E5E66 /* Resources */ = {
			isa = PBXGroup;
			children = (
				CE0CE57229F46851005E5E66 /* Assets.xcassets */,
				CE0CE57429F46851005E5E66 /* LaunchScreen.storyboard */,
				CE0CE56929F46850005E5E66 /* AppDelegate.swift */,
				CE0CE56B29F46850005E5E66 /* SceneDelegate.swift */,
				CEA3590229F5599B00496124 /* Extensions.swift */,
			);
			path = Resources;
			sourceTree = "<group>";
		};
		CE0CE58A29F46DD2005E5E66 /* Core */ = {
			isa = PBXGroup;
			children = (
				CE0CE56D29F46850005E5E66 /* RMTabBarController.swift */,
				CE0CE58B29F46DF8005E5E66 /* RMCharacterViewController.swift */,
				CE0CE58D29F46E0A005E5E66 /* RMLocationViewController.swift */,
				CE0CE58F29F46E20005E5E66 /* RMEpisodeViewController.swift */,
				CE0CE59129F46E2D005E5E66 /* RMSettingsViewController.swift */,
			);
			path = Core;
			sourceTree = "<group>";
		};
		CE11C9262A12A13400ED4486 /* Location */ = {
			isa = PBXGroup;
			children = (
				CE5787ED2A152FDD0035E5FD /* LocationDetail */,
				CE11C9272A12A16300ED4486 /* RMLocationView.swift */,
				CE6DC1C82A14245F001D93C3 /* RMLocationTableViewCell.swift */,
			);
			path = Location;
			sourceTree = "<group>";
		};
		CE11C9292A12A5EF00ED4486 /* Location */ = {
			isa = PBXGroup;
			children = (
				CE11C92A2A12A62600ED4486 /* RMLocationViewViewModel.swift */,
				CE6DC1CA2A1424FE001D93C3 /* RMLocationTableViewCellViewModel.swift */,
				CE5787F02A1531E50035E5FD /* RMLocationDetailViewViewModel.swift */,
			);
			path = Location;
			sourceTree = "<group>";
		};
		CE5787ED2A152FDD0035E5FD /* LocationDetail */ = {
			isa = PBXGroup;
			children = (
				CE5787EE2A1530150035E5FD /* RMLocationDetailView.swift */,
			);
			path = LocationDetail;
			sourceTree = "<group>";
		};
		CE5E82282A019DEB00AD14C7 /* Episode */ = {
			isa = PBXGroup;
			children = (
				CEAE7E032A044B1000F3D58B /* EpisodeDetails */,
				CE5E82292A019E0B00AD14C7 /* RMEpisodeListView.swift */,
			);
			path = Episode;
			sourceTree = "<group>";
		};
		CE723C922A194C8D00C557EE /* Search */ = {
			isa = PBXGroup;
			children = (
				CE723C932A194CA900C557EE /* RMSearchView.swift */,
				CE723C972A194F3B00C557EE /* RMNoSearchResultsView.swift */,
				CE723C9C2A194FC900C557EE /* RMSearchInputView.swift */,
			);
			path = Search;
			sourceTree = "<group>";
		};
		CE723C992A194F5600C557EE /* Search */ = {
			isa = PBXGroup;
			children = (
				CE723C952A194D7300C557EE /* RMSearchViewViewModel.swift */,
				CE723C9A2A194F6D00C557EE /* RMNoSearchResultsViewViewModel.swift */,
				CE723C9E2A194FD700C557EE /* RMSearchInputViewViewModel.swift */,
			);
			path = Search;
			sourceTree = "<group>";
		};
		CE77B95329F5942A0010CC9D /* Other */ = {
			isa = PBXGroup;
			children = (
				CEF730562A3232C80042EEFA /* Search */,
				CE77B95429F594660010CC9D /* RMCharacterDetailViewController.swift */,
				CE04F67F2A000F0C003CDE20 /* RMEpisodesDetailViewController.swift */,
				CE5787EB2A152BED0035E5FD /* RMLocationDetailViewController.swift */,
			);
			path = Other;
			sourceTree = "<group>";
		};
		CE945B0A29FC477E007EB4AA /* CharacterDetail */ = {
			isa = PBXGroup;
			children = (
				CE77B95629F5955E0010CC9D /* RMCharacterDetailView.swift */,
				CE945B0C29FC47EA007EB4AA /* RMCharacterPhotoCollectionViewCell.swift */,
				CE945B0E29FC4800007EB4AA /* RMCharacterInfoCollectionViewCell.swift */,
				CE945B1029FC4818007EB4AA /* RMCharacterEpisodeCollectionViewCell.swift */,
			);
			path = CharacterDetail;
			sourceTree = "<group>";
		};
		CE945B0B29FC47A2007EB4AA /* Character */ = {
			isa = PBXGroup;
			children = (
				CEA3590029F5558A00496124 /* RMCharacterListView.swift */,
				CE77B94F29F5718E0010CC9D /* RMCharacterCollectionViewCell.swift */,
			);
			path = Character;
			sourceTree = "<group>";
		};
		CE945B1229FC484B007EB4AA /* CharacterDetail */ = {
			isa = PBXGroup;
			children = (
				CE77B95829F5957E0010CC9D /* RMCharacterDetailViewViewModel.swift */,
				CE945B1329FC488C007EB4AA /* RMCharacterPhotoCollectionViewCellViewModel.swift */,
				CE945B1529FC489D007EB4AA /* RMCharacterInfoCollectionViewCellViewModel.swift */,
				CE945B1729FC48AF007EB4AA /* RMCharacterEpisodeCollectionViewCellViewModel.swift */,
			);
			path = CharacterDetail;
			sourceTree = "<group>";
		};
		CEA1DA8F2A0D11990015406E /* Settings */ = {
			isa = PBXGroup;
			children = (
				CEA1DA902A0D11BC0015406E /* RMSettingsViewViewModel.swift */,
				CEA1DA922A0D124D0015406E /* RMSettingsCellViewModel.swift */,
				CEA1DA942A0D12FA0015406E /* RMSettingsOptions.swift */,
			);
			path = Settings;
			sourceTree = "<group>";
		};
		CEA1DA962A0D18D90015406E /* SwiftUI */ = {
			isa = PBXGroup;
			children = (
				CEA1DA972A0D19100015406E /* RMSettingsView.swift */,
			);
			path = SwiftUI;
			sourceTree = "<group>";
		};
		CEA358FA29F5520900496124 /* DataTypes */ = {
			isa = PBXGroup;
			children = (
				CE0CE58429F46AFF005E5E66 /* RMLocation.swift */,
				CE0CE58629F46B1B005E5E66 /* RMCharacter.swift */,
				CE0CE58829F46B38005E5E66 /* RMEpisode.swift */,
				CE0CE59929F48085005E5E66 /* RMOrigin.swift */,
				CE0CE59B29F480FF005E5E66 /* RMSingleLocation.swift */,
			);
			path = DataTypes;
			sourceTree = "<group>";
		};
		CEA358FB29F5521300496124 /* APIResponseTypes */ = {
			isa = PBXGroup;
			children = (
				CEA358FC29F5524A00496124 /* RMGetAllCharactesResponse.swift */,
				CE69B53B2A02F10B00959A5C /* RMGetAllEpisodesResponse.swift */,
				CE6DC1C62A1418B3001D93C3 /* RMGetLocationResponse.swift */,
			);
			path = APIResponseTypes;
			sourceTree = "<group>";
		};
		CEAE7E032A044B1000F3D58B /* EpisodeDetails */ = {
			isa = PBXGroup;
			children = (
				CE04F6852A002B6F003CDE20 /* RMEpisodesDetailView.swift */,
				CEAE7E042A044B7B00F3D58B /* RMEpisodeInfoCollectionViewCell.swift */,
			);
			path = EpisodeDetails;
			sourceTree = "<group>";
		};
		CEAE7E062A044B9A00F3D58B /* EpisodeDetail */ = {
			isa = PBXGroup;
			children = (
				CE04F6832A002AD9003CDE20 /* RMEpisodesDetailViewViewModel.swift */,
				CEAE7E072A044BC100F3D58B /* RMEpisodeInfoCollectionViewCellViewModel.swift */,
			);
			path = EpisodeDetail;
			sourceTree = "<group>";
		};
		CEF730562A3232C80042EEFA /* Search */ = {
			isa = PBXGroup;
			children = (
				CE69B53D2A02FD8D00959A5C /* RMSearchViewController.swift */,
				CEF730542A3231B80042EEFA /* RMSearchOptionPickerViewController.swift */,
			);
			path = Search;
			sourceTree = "<group>";
		};
/* End PBXGroup section */

/* Begin PBXNativeTarget section */
		CE0CE56529F46850005E5E66 /* RickAndMorty */ = {
			isa = PBXNativeTarget;
			buildConfigurationList = CE0CE57A29F46851005E5E66 /* Build configuration list for PBXNativeTarget "RickAndMorty" */;
			buildPhases = (
				CE0CE56229F46850005E5E66 /* Sources */,
				CE0CE56329F46850005E5E66 /* Frameworks */,
				CE0CE56429F46850005E5E66 /* Resources */,
			);
			buildRules = (
			);
			dependencies = (
			);
			name = RickAndMorty;
			productName = RickAndMorty;
			productReference = CE0CE56629F46850005E5E66 /* RickAndMorty.app */;
			productType = "com.apple.product-type.application";
		};
/* End PBXNativeTarget section */

/* Begin PBXProject section */
		CE0CE55E29F46850005E5E66 /* Project object */ = {
			isa = PBXProject;
			attributes = {
				BuildIndependentTargetsInParallel = 1;
				LastSwiftUpdateCheck = 1430;
				LastUpgradeCheck = 1430;
				TargetAttributes = {
					CE0CE56529F46850005E5E66 = {
						CreatedOnToolsVersion = 14.3;
					};
				};
			};
			buildConfigurationList = CE0CE56129F46850005E5E66 /* Build configuration list for PBXProject "RickAndMorty" */;
			compatibilityVersion = "Xcode 14.0";
			developmentRegion = en;
			hasScannedForEncodings = 0;
			knownRegions = (
				en,
				Base,
			);
			mainGroup = CE0CE55D29F46850005E5E66;
			productRefGroup = CE0CE56729F46850005E5E66 /* Products */;
			projectDirPath = "";
			projectRoot = "";
			targets = (
				CE0CE56529F46850005E5E66 /* RickAndMorty */,
			);
		};
/* End PBXProject section */

/* Begin PBXResourcesBuildPhase section */
		CE0CE56429F46850005E5E66 /* Resources */ = {
			isa = PBXResourcesBuildPhase;
			buildActionMask = 2147483647;
			files = (
				CE0CE57629F46851005E5E66 /* LaunchScreen.storyboard in Resources */,
				CE0CE57329F46851005E5E66 /* Assets.xcassets in Resources */,
			);
			runOnlyForDeploymentPostprocessing = 0;
		};
/* End PBXResourcesBuildPhase section */

/* Begin PBXSourcesBuildPhase section */
		CE0CE56229F46850005E5E66 /* Sources */ = {
			isa = PBXSourcesBuildPhase;
			buildActionMask = 2147483647;
			files = (
				CEAE7E082A044BC100F3D58B /* RMEpisodeInfoCollectionViewCellViewModel.swift in Sources */,
				CE0CE59A29F48085005E5E66 /* RMOrigin.swift in Sources */,
				CE723C962A194D7300C557EE /* RMSearchViewViewModel.swift in Sources */,
				CE945B0F29FC4800007EB4AA /* RMCharacterInfoCollectionViewCell.swift in Sources */,
				CE0CE59C29F480FF005E5E66 /* RMSingleLocation.swift in Sources */,
				CE945B0D29FC47EA007EB4AA /* RMCharacterPhotoCollectionViewCell.swift in Sources */,
				CE723C942A194CA900C557EE /* RMSearchView.swift in Sources */,
				CE5787EC2A152BED0035E5FD /* RMLocationDetailViewController.swift in Sources */,
				CE5E822C2A01A18900AD14C7 /* RMEpisodeListViewViewModel.swift in Sources */,
				CE77B95529F594660010CC9D /* RMCharacterDetailViewController.swift in Sources */,
				CE11C92B2A12A62600ED4486 /* RMLocationViewViewModel.swift in Sources */,
				CE945B1129FC4818007EB4AA /* RMCharacterEpisodeCollectionViewCell.swift in Sources */,
				CEA1DA982A0D19100015406E /* RMSettingsView.swift in Sources */,
				CE6DC1C72A1418B3001D93C3 /* RMGetLocationResponse.swift in Sources */,
				CE04F6862A002B6F003CDE20 /* RMEpisodesDetailView.swift in Sources */,
				CE0CE58E29F46E0A005E5E66 /* RMLocationViewController.swift in Sources */,
				CE723C9B2A194F6D00C557EE /* RMNoSearchResultsViewViewModel.swift in Sources */,
				CE77B95729F5955E0010CC9D /* RMCharacterDetailView.swift in Sources */,
				CEA358FD29F5524A00496124 /* RMGetAllCharactesResponse.swift in Sources */,
				CE945B1629FC489D007EB4AA /* RMCharacterInfoCollectionViewCellViewModel.swift in Sources */,
				CEA1DA912A0D11BC0015406E /* RMSettingsViewViewModel.swift in Sources */,
				CE945B1429FC488C007EB4AA /* RMCharacterPhotoCollectionViewCellViewModel.swift in Sources */,
				CEAE7E052A044B7B00F3D58B /* RMEpisodeInfoCollectionViewCell.swift in Sources */,
				CE0CE58929F46B38005E5E66 /* RMEpisode.swift in Sources */,
				CE77B95029F5718E0010CC9D /* RMCharacterCollectionViewCell.swift in Sources */,
				CE6DC1C92A14245F001D93C3 /* RMLocationTableViewCell.swift in Sources */,
				CE723C982A194F3B00C557EE /* RMNoSearchResultsView.swift in Sources */,
				CE945B1829FC48AF007EB4AA /* RMCharacterEpisodeCollectionViewCellViewModel.swift in Sources */,
				CE0CE56E29F46850005E5E66 /* RMTabBarController.swift in Sources */,
				CE5E822A2A019E0B00AD14C7 /* RMEpisodeListView.swift in Sources */,
				CE11C9282A12A16300ED4486 /* RMLocationView.swift in Sources */,
				CE0CE59029F46E20005E5E66 /* RMEpisodeViewController.swift in Sources */,
				CE69B53E2A02FD8D00959A5C /* RMSearchViewController.swift in Sources */,
				CE04F6822A00241C003CDE20 /* RMAPICacheManager.swift in Sources */,
				CEA3590329F5599B00496124 /* Extensions.swift in Sources */,
				CE04F6842A002AD9003CDE20 /* RMEpisodesDetailViewViewModel.swift in Sources */,
				CE0CE56A29F46850005E5E66 /* AppDelegate.swift in Sources */,
				CE05866D29F8645B002AB8A9 /* RMImageLoader.swift in Sources */,
				CE723C9F2A194FD700C557EE /* RMSearchInputViewViewModel.swift in Sources */,
				CE0CE56C29F46850005E5E66 /* SceneDelegate.swift in Sources */,
				CE77B95929F5957E0010CC9D /* RMCharacterDetailViewViewModel.swift in Sources */,
				CE04F6802A000F0C003CDE20 /* RMEpisodesDetailViewController.swift in Sources */,
				CE69B53C2A02F10B00959A5C /* RMGetAllEpisodesResponse.swift in Sources */,
				CEA1DA952A0D12FA0015406E /* RMSettingsOptions.swift in Sources */,
				CE0CE59229F46E2D005E5E66 /* RMSettingsViewController.swift in Sources */,
				CE0CE59429F4775C005E5E66 /* RMService.swift in Sources */,
				CE0CE58529F46AFF005E5E66 /* RMLocation.swift in Sources */,
				CEA3590129F5558A00496124 /* RMCharacterListView.swift in Sources */,
				CEA1DA932A0D124D0015406E /* RMSettingsCellViewModel.swift in Sources */,
				CE0CE59829F4785E005E5E66 /* RMEndpoint.swift in Sources */,
				CE0CE58729F46B1B005E5E66 /* RMCharacter.swift in Sources */,
				CE5787F12A1531E50035E5FD /* RMLocationDetailViewViewModel.swift in Sources */,
				CEA358FF29F554EC00496124 /* RMCharacterListViewViewModel.swift in Sources */,
				CE5787EF2A1530150035E5FD /* RMLocationDetailView.swift in Sources */,
				CE77B95B29F5CAB90010CC9D /* RMFooterLoadingCollectionReusableView.swift in Sources */,
				CE0CE59629F47777005E5E66 /* RMRequest.swift in Sources */,
				CE723C9D2A194FC900C557EE /* RMSearchInputView.swift in Sources */,
				CE77B95229F572E80010CC9D /* RMCharacterCollectionViewCellViewModel.swift in Sources */,
				CE6DC1CB2A1424FE001D93C3 /* RMLocationTableViewCellViewModel.swift in Sources */,
				CEF730552A3231B80042EEFA /* RMSearchOptionPickerViewController.swift in Sources */,
				CE0CE58C29F46DF8005E5E66 /* RMCharacterViewController.swift in Sources */,
			);
			runOnlyForDeploymentPostprocessing = 0;
		};
/* End PBXSourcesBuildPhase section */

/* Begin PBXVariantGroup section */
		CE0CE57429F46851005E5E66 /* LaunchScreen.storyboard */ = {
			isa = PBXVariantGroup;
			children = (
				CE0CE57529F46851005E5E66 /* Base */,
			);
			name = LaunchScreen.storyboard;
			sourceTree = "<group>";
		};
/* End PBXVariantGroup section */

/* Begin XCBuildConfiguration section */
		CE0CE57829F46851005E5E66 /* Debug */ = {
			isa = XCBuildConfiguration;
			buildSettings = {
				ALWAYS_SEARCH_USER_PATHS = NO;
				CLANG_ANALYZER_NONNULL = YES;
				CLANG_ANALYZER_NUMBER_OBJECT_CONVERSION = YES_AGGRESSIVE;
				CLANG_CXX_LANGUAGE_STANDARD = "gnu++20";
				CLANG_ENABLE_MODULES = YES;
				CLANG_ENABLE_OBJC_ARC = YES;
				CLANG_ENABLE_OBJC_WEAK = YES;
				CLANG_WARN_BLOCK_CAPTURE_AUTORELEASING = YES;
				CLANG_WARN_BOOL_CONVERSION = YES;
				CLANG_WARN_COMMA = YES;
				CLANG_WARN_CONSTANT_CONVERSION = YES;
				CLANG_WARN_DEPRECATED_OBJC_IMPLEMENTATIONS = YES;
				CLANG_WARN_DIRECT_OBJC_ISA_USAGE = YES_ERROR;
				CLANG_WARN_DOCUMENTATION_COMMENTS = YES;
				CLANG_WARN_EMPTY_BODY = YES;
				CLANG_WARN_ENUM_CONVERSION = YES;
				CLANG_WARN_INFINITE_RECURSION = YES;
				CLANG_WARN_INT_CONVERSION = YES;
				CLANG_WARN_NON_LITERAL_NULL_CONVERSION = YES;
				CLANG_WARN_OBJC_IMPLICIT_RETAIN_SELF = YES;
				CLANG_WARN_OBJC_LITERAL_CONVERSION = YES;
				CLANG_WARN_OBJC_ROOT_CLASS = YES_ERROR;
				CLANG_WARN_QUOTED_INCLUDE_IN_FRAMEWORK_HEADER = YES;
				CLANG_WARN_RANGE_LOOP_ANALYSIS = YES;
				CLANG_WARN_STRICT_PROTOTYPES = YES;
				CLANG_WARN_SUSPICIOUS_MOVE = YES;
				CLANG_WARN_UNGUARDED_AVAILABILITY = YES_AGGRESSIVE;
				CLANG_WARN_UNREACHABLE_CODE = YES;
				CLANG_WARN__DUPLICATE_METHOD_MATCH = YES;
				COPY_PHASE_STRIP = NO;
				DEBUG_INFORMATION_FORMAT = dwarf;
				ENABLE_STRICT_OBJC_MSGSEND = YES;
				ENABLE_TESTABILITY = YES;
				GCC_C_LANGUAGE_STANDARD = gnu11;
				GCC_DYNAMIC_NO_PIC = NO;
				GCC_NO_COMMON_BLOCKS = YES;
				GCC_OPTIMIZATION_LEVEL = 0;
				GCC_PREPROCESSOR_DEFINITIONS = (
					"DEBUG=1",
					"$(inherited)",
				);
				GCC_WARN_64_TO_32_BIT_CONVERSION = YES;
				GCC_WARN_ABOUT_RETURN_TYPE = YES_ERROR;
				GCC_WARN_UNDECLARED_SELECTOR = YES;
				GCC_WARN_UNINITIALIZED_AUTOS = YES_AGGRESSIVE;
				GCC_WARN_UNUSED_FUNCTION = YES;
				GCC_WARN_UNUSED_VARIABLE = YES;
				IPHONEOS_DEPLOYMENT_TARGET = 16.4;
				MTL_ENABLE_DEBUG_INFO = INCLUDE_SOURCE;
				MTL_FAST_MATH = YES;
				ONLY_ACTIVE_ARCH = YES;
				SDKROOT = iphoneos;
				SWIFT_ACTIVE_COMPILATION_CONDITIONS = DEBUG;
				SWIFT_OPTIMIZATION_LEVEL = "-Onone";
			};
			name = Debug;
		};
		CE0CE57929F46851005E5E66 /* Release */ = {
			isa = XCBuildConfiguration;
			buildSettings = {
				ALWAYS_SEARCH_USER_PATHS = NO;
				CLANG_ANALYZER_NONNULL = YES;
				CLANG_ANALYZER_NUMBER_OBJECT_CONVERSION = YES_AGGRESSIVE;
				CLANG_CXX_LANGUAGE_STANDARD = "gnu++20";
				CLANG_ENABLE_MODULES = YES;
				CLANG_ENABLE_OBJC_ARC = YES;
				CLANG_ENABLE_OBJC_WEAK = YES;
				CLANG_WARN_BLOCK_CAPTURE_AUTORELEASING = YES;
				CLANG_WARN_BOOL_CONVERSION = YES;
				CLANG_WARN_COMMA = YES;
				CLANG_WARN_CONSTANT_CONVERSION = YES;
				CLANG_WARN_DEPRECATED_OBJC_IMPLEMENTATIONS = YES;
				CLANG_WARN_DIRECT_OBJC_ISA_USAGE = YES_ERROR;
				CLANG_WARN_DOCUMENTATION_COMMENTS = YES;
				CLANG_WARN_EMPTY_BODY = YES;
				CLANG_WARN_ENUM_CONVERSION = YES;
				CLANG_WARN_INFINITE_RECURSION = YES;
				CLANG_WARN_INT_CONVERSION = YES;
				CLANG_WARN_NON_LITERAL_NULL_CONVERSION = YES;
				CLANG_WARN_OBJC_IMPLICIT_RETAIN_SELF = YES;
				CLANG_WARN_OBJC_LITERAL_CONVERSION = YES;
				CLANG_WARN_OBJC_ROOT_CLASS = YES_ERROR;
				CLANG_WARN_QUOTED_INCLUDE_IN_FRAMEWORK_HEADER = YES;
				CLANG_WARN_RANGE_LOOP_ANALYSIS = YES;
				CLANG_WARN_STRICT_PROTOTYPES = YES;
				CLANG_WARN_SUSPICIOUS_MOVE = YES;
				CLANG_WARN_UNGUARDED_AVAILABILITY = YES_AGGRESSIVE;
				CLANG_WARN_UNREACHABLE_CODE = YES;
				CLANG_WARN__DUPLICATE_METHOD_MATCH = YES;
				COPY_PHASE_STRIP = NO;
				DEBUG_INFORMATION_FORMAT = "dwarf-with-dsym";
				ENABLE_NS_ASSERTIONS = NO;
				ENABLE_STRICT_OBJC_MSGSEND = YES;
				GCC_C_LANGUAGE_STANDARD = gnu11;
				GCC_NO_COMMON_BLOCKS = YES;
				GCC_WARN_64_TO_32_BIT_CONVERSION = YES;
				GCC_WARN_ABOUT_RETURN_TYPE = YES_ERROR;
				GCC_WARN_UNDECLARED_SELECTOR = YES;
				GCC_WARN_UNINITIALIZED_AUTOS = YES_AGGRESSIVE;
				GCC_WARN_UNUSED_FUNCTION = YES;
				GCC_WARN_UNUSED_VARIABLE = YES;
				IPHONEOS_DEPLOYMENT_TARGET = 16.4;
				MTL_ENABLE_DEBUG_INFO = NO;
				MTL_FAST_MATH = YES;
				SDKROOT = iphoneos;
				SWIFT_COMPILATION_MODE = wholemodule;
				SWIFT_OPTIMIZATION_LEVEL = "-O";
				VALIDATE_PRODUCT = YES;
			};
			name = Release;
		};
		CE0CE57B29F46851005E5E66 /* Debug */ = {
			isa = XCBuildConfiguration;
			buildSettings = {
				ASSETCATALOG_COMPILER_APPICON_NAME = AppIcon;
				ASSETCATALOG_COMPILER_GLOBAL_ACCENT_COLOR_NAME = AccentColor;
				CODE_SIGN_STYLE = Automatic;
				CURRENT_PROJECT_VERSION = 1;
				DEVELOPMENT_TEAM = GAKBVLA39K;
				GENERATE_INFOPLIST_FILE = YES;
				INFOPLIST_FILE = RickAndMorty/Info.plist;
				INFOPLIST_KEY_CFBundleDisplayName = "Rick & Morty";
				INFOPLIST_KEY_LSApplicationCategoryType = "public.app-category.education";
				INFOPLIST_KEY_UIApplicationSupportsIndirectInputEvents = YES;
				INFOPLIST_KEY_UILaunchStoryboardName = LaunchScreen;
				INFOPLIST_KEY_UISupportedInterfaceOrientations_iPad = "UIInterfaceOrientationPortrait UIInterfaceOrientationPortraitUpsideDown UIInterfaceOrientationLandscapeLeft UIInterfaceOrientationLandscapeRight";
				INFOPLIST_KEY_UISupportedInterfaceOrientations_iPhone = "UIInterfaceOrientationPortrait UIInterfaceOrientationLandscapeLeft UIInterfaceOrientationLandscapeRight";
				LD_RUNPATH_SEARCH_PATHS = (
					"$(inherited)",
					"@executable_path/Frameworks",
				);
				MARKETING_VERSION = 1.0;
				PRODUCT_BUNDLE_IDENTIFIER = com.SergeiKrainov.RickAndMorty;
				PRODUCT_NAME = "$(TARGET_NAME)";
				SWIFT_EMIT_LOC_STRINGS = YES;
				SWIFT_VERSION = 5.0;
				TARGETED_DEVICE_FAMILY = "1,2";
			};
			name = Debug;
		};
		CE0CE57C29F46851005E5E66 /* Release */ = {
			isa = XCBuildConfiguration;
			buildSettings = {
				ASSETCATALOG_COMPILER_APPICON_NAME = AppIcon;
				ASSETCATALOG_COMPILER_GLOBAL_ACCENT_COLOR_NAME = AccentColor;
				CODE_SIGN_STYLE = Automatic;
				CURRENT_PROJECT_VERSION = 1;
				DEVELOPMENT_TEAM = GAKBVLA39K;
				GENERATE_INFOPLIST_FILE = YES;
				INFOPLIST_FILE = RickAndMorty/Info.plist;
				INFOPLIST_KEY_CFBundleDisplayName = "Rick & Morty";
				INFOPLIST_KEY_LSApplicationCategoryType = "public.app-category.education";
				INFOPLIST_KEY_UIApplicationSupportsIndirectInputEvents = YES;
				INFOPLIST_KEY_UILaunchStoryboardName = LaunchScreen;
				INFOPLIST_KEY_UISupportedInterfaceOrientations_iPad = "UIInterfaceOrientationPortrait UIInterfaceOrientationPortraitUpsideDown UIInterfaceOrientationLandscapeLeft UIInterfaceOrientationLandscapeRight";
				INFOPLIST_KEY_UISupportedInterfaceOrientations_iPhone = "UIInterfaceOrientationPortrait UIInterfaceOrientationLandscapeLeft UIInterfaceOrientationLandscapeRight";
				LD_RUNPATH_SEARCH_PATHS = (
					"$(inherited)",
					"@executable_path/Frameworks",
				);
				MARKETING_VERSION = 1.0;
				PRODUCT_BUNDLE_IDENTIFIER = com.SergeiKrainov.RickAndMorty;
				PRODUCT_NAME = "$(TARGET_NAME)";
				SWIFT_EMIT_LOC_STRINGS = YES;
				SWIFT_VERSION = 5.0;
				TARGETED_DEVICE_FAMILY = "1,2";
			};
			name = Release;
		};
/* End XCBuildConfiguration section */

/* Begin XCConfigurationList section */
		CE0CE56129F46850005E5E66 /* Build configuration list for PBXProject "RickAndMorty" */ = {
			isa = XCConfigurationList;
			buildConfigurations = (
				CE0CE57829F46851005E5E66 /* Debug */,
				CE0CE57929F46851005E5E66 /* Release */,
			);
			defaultConfigurationIsVisible = 0;
			defaultConfigurationName = Release;
		};
		CE0CE57A29F46851005E5E66 /* Build configuration list for PBXNativeTarget "RickAndMorty" */ = {
			isa = XCConfigurationList;
			buildConfigurations = (
				CE0CE57B29F46851005E5E66 /* Debug */,
				CE0CE57C29F46851005E5E66 /* Release */,
			);
			defaultConfigurationIsVisible = 0;
			defaultConfigurationName = Release;
		};
/* End XCConfigurationList section */
	};
	rootObject = CE0CE55E29F46850005E5E66 /* Project object */;
}
